{
  "name": "react-isomorphic-form-demo",
  "version": "1.0.0",
  "lockfileVersion": 1,
  "requires": true,
  "dependencies": {
    "now": {
      "version": "8.3.9",
      "resolved": "https://registry.npmjs.org/now/-/now-8.3.9.tgz",
      "integrity": "sha512-2Jb+E6cDkii9IFIDalYhdcxlUWjL11AE33hykpAkAX7sQ86ZgCiTpnkn6JyhTwkCVqto7f3xikL4pnZK+1pbIQ==",
      "dev": true
    }
  }
}
